
Microsoft Visual Studio Solution File, Format Version 12.00
# Visual Studio Version 16
VisualStudioVersion = 16.0.32228.343
MinimumVisualStudioVersion = 10.0.40219.1
Project("{FAE04EC0-301F-11D3-BF4B-00C04F79EFBC}") = "Exercises_CSharp", "Exercises_CSharp.csproj", "{F81F0708-96D8-461D-AB9F-6B3214D6858A}"
EndProject
Global
	GlobalSection(SolutionConfigurationPlatforms) = preSolution
		Debug|Any CPU = Debug|Any CPU
		Release|Any CPU = Release|Any CPU
	EndGlobalSection
	GlobalSection(ProjectConfigurationPlatforms) = postSolution
		{F81F0708-96D8-461D-AB9F-6B3214D6858A}.Debug|Any CPU.ActiveCfg = Debug|Any CPU
		{F81F0708-96D8-461D-AB9F-6B3214D6858A}.Debug|Any CPU.Build.0 = Debug|Any CPU
		{F81F0708-96D8-461D-AB9F-6B3214D6858A}.Release|Any CPU.ActiveCfg = Release|Any CPU
		{F81F0708-96D8-461D-AB9F-6B3214D6858A}.Release|Any CPU.Build.0 = Release|Any CPU
	EndGlobalSection
	GlobalSection(SolutionProperties) = preSolution
		HideSolutionNode = FALSE
	EndGlobalSection
	GlobalSection(ExtensibilityGlobals) = postSolution
		SolutionGuid = {043B07E7-B3FD-4895-8D39-51CA01F467BF}
	EndGlobalSection
EndGlobal
